
Microsoft Visual Studio Solution File, Format Version 12.00
# Visual Studio 14
VisualStudioVersion = 14.0.25123.0
MinimumVisualStudioVersion = 10.0.40219.1
Project("{FAE04EC0-301F-11D3-BF4B-00C04F79EFBC}") = "BlogspotXamarin", "BlogspotXamarin\BlogspotXamarin\BlogspotXamarin.csproj", "{FEF3CB23-82F6-4AFF-B509-77290196BAF6}"
EndProject
Project("{FAE04EC0-301F-11D3-BF4B-00C04F79EFBC}") = "BlogspotXamarin.Droid", "BlogspotXamarin\BlogspotXamarin.Droid\BlogspotXamarin.Droid.csproj", "{2BD8A98B-E7F7-4EB8-BC82-AB76728002B4}"
EndProject
Project("{FAE04EC0-301F-11D3-BF4B-00C04F79EFBC}") = "BlogspotXamarin.iOS", "BlogspotXamarin\BlogspotXamarin.iOS\BlogspotXamarin.iOS.csproj", "{16EAE4B6-319D-4C4B-86A0-18B1B6887381}"
EndProject
Global
	GlobalSection(SolutionConfigurationPlatforms) = preSolution
		Ad-Hoc|Any CPU = Ad-Hoc|Any CPU
		Ad-Hoc|iPhone = Ad-Hoc|iPhone
		Ad-Hoc|iPhoneSimulator = Ad-Hoc|iPhoneSimulator
		AppStore|Any CPU = AppStore|Any CPU
		AppStore|iPhone = AppStore|iPhone
		AppStore|iPhoneSimulator = AppStore|iPhoneSimulator
		Debug|Any CPU = Debug|Any CPU
		Debug|iPhone = Debug|iPhone
		Debug|iPhoneSimulator = Debug|iPhoneSimulator
		Release|Any CPU = Release|Any CPU
		Release|iPhone = Release|iPhone
		Release|iPhoneSimulator = Release|iPhoneSimulator
	EndGlobalSection
	GlobalSection(ProjectConfigurationPlatforms) = postSolution
		{FEF3CB23-82F6-4AFF-B509-77290196BAF6}.Ad-Hoc|Any CPU.ActiveCfg = Release|Any CPU
		{FEF3CB23-82F6-4AFF-B509-77290196BAF6}.Ad-Hoc|Any CPU.Build.0 = Release|Any CPU
		{FEF3CB23-82F6-4AFF-B509-77290196BAF6}.Ad-Hoc|iPhone.ActiveCfg = Release|Any CPU
		{FEF3CB23-82F6-4AFF-B509-77290196BAF6}.Ad-Hoc|iPhone.Build.0 = Release|Any CPU
		{FEF3CB23-82F6-4AFF-B509-77290196BAF6}.Ad-Hoc|iPhoneSimulator.ActiveCfg = Release|Any CPU
		{FEF3CB23-82F6-4AFF-B509-77290196BAF6}.Ad-Hoc|iPhoneSimulator.Build.0 = Release|Any CPU
		{FEF3CB23-82F6-4AFF-B509-77290196BAF6}.AppStore|Any CPU.ActiveCfg = Release|Any CPU
		{FEF3CB23-82F6-4AFF-B509-77290196BAF6}.AppStore|Any CPU.Build.0 = Release|Any CPU
		{FEF3CB23-82F6-4AFF-B509-77290196BAF6}.AppStore|iPhone.ActiveCfg = Release|Any CPU
		{FEF3CB23-82F6-4AFF-B509-77290196BAF6}.AppStore|iPhone.Build.0 = Release|Any CPU
		{FEF3CB23-82F6-4AFF-B509-77290196BAF6}.AppStore|iPhoneSimulator.ActiveCfg = Release|Any CPU
		{FEF3CB23-82F6-4AFF-B509-77290196BAF6}.AppStore|iPhoneSimulator.Build.0 = Release|Any CPU
		{FEF3CB23-82F6-4AFF-B509-77290196BAF6}.Debug|Any CPU.ActiveCfg = Debug|Any CPU
		{FEF3CB23-82F6-4AFF-B509-77290196BAF6}.Debug|Any CPU.Build.0 = Debug|Any CPU
		{FEF3CB23-82F6-4AFF-B509-77290196BAF6}.Debug|iPhone.ActiveCfg = Debug|Any CPU
		{FEF3CB23-82F6-4AFF-B509-77290196BAF6}.Debug|iPhone.Build.0 = Debug|Any CPU
		{FEF3CB23-82F6-4AFF-B509-77290196BAF6}.Debug|iPhoneSimulator.ActiveCfg = Debug|Any CPU
		{FEF3CB23-82F6-4AFF-B509-77290196BAF6}.Debug|iPhoneSimulator.Build.0 = Debug|Any CPU
		{FEF3CB23-82F6-4AFF-B509-77290196BAF6}.Release|Any CPU.ActiveCfg = Release|Any CPU
		{FEF3CB23-82F6-4AFF-B509-77290196BAF6}.Release|Any CPU.Build.0 = Release|Any CPU
		{FEF3CB23-82F6-4AFF-B509-77290196BAF6}.Release|iPhone.ActiveCfg = Release|Any CPU
		{FEF3CB23-82F6-4AFF-B509-77290196BAF6}.Release|iPhone.Build.0 = Release|Any CPU
		{FEF3CB23-82F6-4AFF-B509-77290196BAF6}.Release|iPhoneSimulator.ActiveCfg = Release|Any CPU
		{FEF3CB23-82F6-4AFF-B509-77290196BAF6}.Release|iPhoneSimulator.Build.0 = Release|Any CPU
		{2BD8A98B-E7F7-4EB8-BC82-AB76728002B4}.Ad-Hoc|Any CPU.ActiveCfg = Release|Any CPU
		{2BD8A98B-E7F7-4EB8-BC82-AB76728002B4}.Ad-Hoc|Any CPU.Build.0 = Release|Any CPU
		{2BD8A98B-E7F7-4EB8-BC82-AB76728002B4}.Ad-Hoc|Any CPU.Deploy.0 = Release|Any CPU
		{2BD8A98B-E7F7-4EB8-BC82-AB76728002B4}.Ad-Hoc|iPhone.ActiveCfg = Release|Any CPU
		{2BD8A98B-E7F7-4EB8-BC82-AB76728002B4}.Ad-Hoc|iPhone.Build.0 = Release|Any CPU
		{2BD8A98B-E7F7-4EB8-BC82-AB76728002B4}.Ad-Hoc|iPhone.Deploy.0 = Release|Any CPU
		{2BD8A98B-E7F7-4EB8-BC82-AB76728002B4}.Ad-Hoc|iPhoneSimulator.ActiveCfg = Release|Any CPU
		{2BD8A98B-E7F7-4EB8-BC82-AB76728002B4}.Ad-Hoc|iPhoneSimulator.Build.0 = Release|Any CPU
		{2BD8A98B-E7F7-4EB8-BC82-AB76728002B4}.Ad-Hoc|iPhoneSimulator.Deploy.0 = Release|Any CPU
		{2BD8A98B-E7F7-4EB8-BC82-AB76728002B4}.AppStore|Any CPU.ActiveCfg = Release|Any CPU
		{2BD8A98B-E7F7-4EB8-BC82-AB76728002B4}.AppStore|Any CPU.Build.0 = Release|Any CPU
		{2BD8A98B-E7F7-4EB8-BC82-AB76728002B4}.AppStore|Any CPU.Deploy.0 = Release|Any CPU
		{2BD8A98B-E7F7-4EB8-BC82-AB76728002B4}.AppStore|iPhone.ActiveCfg = Release|Any CPU
		{2BD8A98B-E7F7-4EB8-BC82-AB76728002B4}.AppStore|iPhone.Build.0 = Release|Any CPU
		{2BD8A98B-E7F7-4EB8-BC82-AB76728002B4}.AppStore|iPhone.Deploy.0 = Release|Any CPU
		{2BD8A98B-E7F7-4EB8-BC82-AB76728002B4}.AppStore|iPhoneSimulator.ActiveCfg = Release|Any CPU
		{2BD8A98B-E7F7-4EB8-BC82-AB76728002B4}.AppStore|iPhoneSimulator.Build.0 = Release|Any CPU
		{2BD8A98B-E7F7-4EB8-BC82-AB76728002B4}.AppStore|iPhoneSimulator.Deploy.0 = Release|Any CPU
		{2BD8A98B-E7F7-4EB8-BC82-AB76728002B4}.Debug|Any CPU.ActiveCfg = Debug|Any CPU
		{2BD8A98B-E7F7-4EB8-BC82-AB76728002B4}.Debug|Any CPU.Build.0 = Debug|Any CPU
		{2BD8A98B-E7F7-4EB8-BC82-AB76728002B4}.Debug|Any CPU.Deploy.0 = Debug|Any CPU
		{2BD8A98B-E7F7-4EB8-BC82-AB76728002B4}.Debug|iPhone.ActiveCfg = Debug|Any CPU
		{2BD8A98B-E7F7-4EB8-BC82-AB76728002B4}.Debug|iPhone.Build.0 = Debug|Any CPU
		{2BD8A98B-E7F7-4EB8-BC82-AB76728002B4}.Debug|iPhone.Deploy.0 = Debug|Any CPU
		{2BD8A98B-E7F7-4EB8-BC82-AB76728002B4}.Debug|iPhoneSimulator.ActiveCfg = Debug|Any CPU
		{2BD8A98B-E7F7-4EB8-BC82-AB76728002B4}.Debug|iPhoneSimulator.Build.0 = Debug|Any CPU
		{2BD8A98B-E7F7-4EB8-BC82-AB76728002B4}.Debug|iPhoneSimulator.Deploy.0 = Debug|Any CPU
		{2BD8A98B-E7F7-4EB8-BC82-AB76728002B4}.Release|Any CPU.ActiveCfg = Release|Any CPU
		{2BD8A98B-E7F7-4EB8-BC82-AB76728002B4}.Release|Any CPU.Build.0 = Release|Any CPU
		{2BD8A98B-E7F7-4EB8-BC82-AB76728002B4}.Release|Any CPU.Deploy.0 = Release|Any CPU
		{2BD8A98B-E7F7-4EB8-BC82-AB76728002B4}.Release|iPhone.ActiveCfg = Release|Any CPU
		{2BD8A98B-E7F7-4EB8-BC82-AB76728002B4}.Release|iPhone.Build.0 = Release|Any CPU
		{2BD8A98B-E7F7-4EB8-BC82-AB76728002B4}.Release|iPhone.Deploy.0 = Release|Any CPU
		{2BD8A98B-E7F7-4EB8-BC82-AB76728002B4}.Release|iPhoneSimulator.ActiveCfg = Release|Any CPU
		{2BD8A98B-E7F7-4EB8-BC82-AB76728002B4}.Release|iPhoneSimulator.Build.0 = Release|Any CPU
		{2BD8A98B-E7F7-4EB8-BC82-AB76728002B4}.Release|iPhoneSimulator.Deploy.0 = Release|Any CPU
		{16EAE4B6-319D-4C4B-86A0-18B1B6887381}.Ad-Hoc|Any CPU.ActiveCfg = Ad-Hoc|iPhone
		{16EAE4B6-319D-4C4B-86A0-18B1B6887381}.Ad-Hoc|iPhone.ActiveCfg = Ad-Hoc|iPhone
		{16EAE4B6-319D-4C4B-86A0-18B1B6887381}.Ad-Hoc|iPhone.Build.0 = Ad-Hoc|iPhone
		{16EAE4B6-319D-4C4B-86A0-18B1B6887381}.Ad-Hoc|iPhoneSimulator.ActiveCfg = Ad-Hoc|iPhoneSimulator
		{16EAE4B6-319D-4C4B-86A0-18B1B6887381}.Ad-Hoc|iPhoneSimulator.Build.0 = Ad-Hoc|iPhoneSimulator
		{16EAE4B6-319D-4C4B-86A0-18B1B6887381}.AppStore|Any CPU.ActiveCfg = AppStore|iPhone
		{16EAE4B6-319D-4C4B-86A0-18B1B6887381}.AppStore|iPhone.ActiveCfg = AppStore|iPhone
		{16EAE4B6-319D-4C4B-86A0-18B1B6887381}.AppStore|iPhone.Build.0 = AppStore|iPhone
		{16EAE4B6-319D-4C4B-86A0-18B1B6887381}.AppStore|iPhoneSimulator.ActiveCfg = AppStore|iPhoneSimulator
		{16EAE4B6-319D-4C4B-86A0-18B1B6887381}.AppStore|iPhoneSimulator.Build.0 = AppStore|iPhoneSimulator
		{16EAE4B6-319D-4C4B-86A0-18B1B6887381}.Debug|Any CPU.ActiveCfg = Debug|iPhone
		{16EAE4B6-319D-4C4B-86A0-18B1B6887381}.Debug|iPhone.ActiveCfg = Debug|iPhone
		{16EAE4B6-319D-4C4B-86A0-18B1B6887381}.Debug|iPhone.Build.0 = Debug|iPhone
		{16EAE4B6-319D-4C4B-86A0-18B1B6887381}.Debug|iPhoneSimulator.ActiveCfg = Debug|iPhoneSimulator
		{16EAE4B6-319D-4C4B-86A0-18B1B6887381}.Debug|iPhoneSimulator.Build.0 = Debug|iPhoneSimulator
		{16EAE4B6-319D-4C4B-86A0-18B1B6887381}.Release|Any CPU.ActiveCfg = Release|iPhone
		{16EAE4B6-319D-4C4B-86A0-18B1B6887381}.Release|iPhone.ActiveCfg = Release|iPhone
		{16EAE4B6-319D-4C4B-86A0-18B1B6887381}.Release|iPhone.Build.0 = Release|iPhone
		{16EAE4B6-319D-4C4B-86A0-18B1B6887381}.Release|iPhoneSimulator.ActiveCfg = Release|iPhoneSimulator
		{16EAE4B6-319D-4C4B-86A0-18B1B6887381}.Release|iPhoneSimulator.Build.0 = Release|iPhoneSimulator
	EndGlobalSection
	GlobalSection(SolutionProperties) = preSolution
		HideSolutionNode = FALSE
	EndGlobalSection
EndGlobal
